<?xml version="1.0" encoding="utf-8"?>
<Project ToolsVersion="4.0" xmlns="http://schemas.microsoft.com/developer/msbuild/2003">
  <ItemGroup>
    <Filter Include="Source Files">
      <UniqueIdentifier>{4FC737F1-C7A5-4376-A066-2A32D752A2FF}</UniqueIdentifier>
      <Extensions>cpp;c;cc;cxx;def;odl;idl;hpj;bat;asm;asmx</Extensions>
    </Filter>
    <Filter Include="Header Files">
      <UniqueIdentifier>{93995380-89BD-4b04-88EB-625FBE52EBFB}</UniqueIdentifier>
      <Extensions>h;hh;hpp;hxx;hm;inl;inc;ipp;xsd</Extensions>
    </Filter>
    <Filter Include="Resource Files">
      <UniqueIdentifier>{67DA6AB6-F800-4c08-8B7A-83BB121AAD01}</UniqueIdentifier>
      <Extensions>rc;ico;cur;bmp;dlg;rc2;rct;bin;rgs;gif;jpg;jpeg;jpe;resx;tiff;tif;png;wav;mfcribbon-ms</Extensions>
    </Filter>
    <Filter Include="Shaders">
      <UniqueIdentifier>{4859b5b8-137b-44f0-92c6-b6e3fd3d872f}</UniqueIdentifier>
    </Filter>
    <Filter Include="Header Files\EngineCore">
      <UniqueIdentifier>{e41eaca2-80f0-457b-9fcf-2046ef373499}</UniqueIdentifier>
    </Filter>
    <Filter Include="Source Files\EngineCore">
      <UniqueIdentifier>{318eac55-5a00-4583-9795-49848d0394a8}</UniqueIdentifier>
    </Filter>
  </ItemGroup>
  <ItemGroup>
    <ClCompile Include="BoundingBox.cpp">
      <Filter>Source Files\EngineCore</Filter>
    </ClCompile>
    <ClCompile Include="Camera.cpp">
      <Filter>Source Files\EngineCore</Filter>
    </ClCompile>
    <ClCompile Include="CollisionManager.cpp">
      <Filter>Source Files\EngineCore</Filter>
    </ClCompile>
    <ClCompile Include="GameObject.cpp">
      <Filter>Source Files\EngineCore</Filter>
    </ClCompile>
    <ClCompile Include="Game2D.cpp">
      <Filter>Source Files</Filter>
    </ClCompile>
    <ClCompile Include="ObjectManager.cpp">
      <Filter>Source Files\EngineCore</Filter>
    </ClCompile>
    <ClCompile Include="PhysicsScene.cpp">
      <Filter>Source Files\EngineCore</Filter>
    </ClCompile>
    <ClCompile Include="Quad.cpp">
      <Filter>Source Files\EngineCore</Filter>
    </ClCompile>
    <ClCompile Include="Renderer2D.cpp">
      <Filter>Source Files\EngineCore</Filter>
    </ClCompile>
    <ClCompile Include="RigidBody.cpp">
      <Filter>Source Files\EngineCore</Filter>
    </ClCompile>
    <ClCompile Include="Shader.cpp">
      <Filter>Source Files\EngineCore</Filter>
    </ClCompile>
    <ClCompile Include="SlimeCore2D.cpp">
      <Filter>Source Files\EngineCore</Filter>
    </ClCompile>
    <ClCompile Include="Texture.cpp">
      <Filter>Source Files\EngineCore</Filter>
    </ClCompile>
    <ClCompile Include="Window.cpp">
      <Filter>Source Files\EngineCore</Filter>
    </ClCompile>
    <ClCompile Include="MapGenerator.cpp">
      <Filter>Source Files</Filter>
    </ClCompile>
    <ClCompile Include="Player.cpp">
      <Filter>Source Files</Filter>
    </ClCompile>
    <ClCompile Include="Cloud.cpp">
      <Filter>Source Files</Filter>
    </ClCompile>
    <ClCompile Include="CloudManager.cpp">
      <Filter>Source Files</Filter>
    </ClCompile>
    <ClCompile Include="Input.cpp">
      <Filter>Source Files\EngineCore</Filter>
    </ClCompile>
  </ItemGroup>
  <ItemGroup>
    <ClInclude Include="BoundingBox.h">
      <Filter>Header Files\EngineCore</Filter>
    </ClInclude>
    <ClInclude Include="Camera.h">
      <Filter>Header Files\EngineCore</Filter>
    </ClInclude>
    <ClInclude Include="CollisionManager.h">
      <Filter>Header Files\EngineCore</Filter>
    </ClInclude>
    <ClInclude Include="Game2D.h">
      <Filter>Header Files</Filter>
    </ClInclude>
    <ClInclude Include="Keycode.h">
      <Filter>Header Files\EngineCore</Filter>
    </ClInclude>
    <ClInclude Include="ObjectManager.h">
      <Filter>Header Files\EngineCore</Filter>
    </ClInclude>
    <ClInclude Include="PhysicsScene.h">
      <Filter>Header Files\EngineCore</Filter>
    </ClInclude>
    <ClInclude Include="Quad.h">
      <Filter>Header Files\EngineCore</Filter>
    </ClInclude>
    <ClInclude Include="Renderer2D.h">
      <Filter>Header Files\EngineCore</Filter>
    </ClInclude>
    <ClInclude Include="RigidBody.h">
      <Filter>Header Files\EngineCore</Filter>
    </ClInclude>
    <ClInclude Include="Shader.h">
      <Filter>Header Files\EngineCore</Filter>
    </ClInclude>
    <ClInclude Include="Texture.h">
      <Filter>Header Files\EngineCore</Filter>
    </ClInclude>
    <ClInclude Include="Window.h">
      <Filter>Header Files\EngineCore</Filter>
    </ClInclude>
    <ClInclude Include="GameObject.h">
      <Filter>Header Files\EngineCore</Filter>
    </ClInclude>
    <ClInclude Include="MapGenerator.h">
      <Filter>Header Files</Filter>
    </ClInclude>
    <ClInclude Include="Player.h">
      <Filter>Header Files</Filter>
    </ClInclude>
    <ClInclude Include="Cloud.h">
      <Filter>Header Files</Filter>
    </ClInclude>
    <ClInclude Include="CloudManager.h">
      <Filter>Header Files</Filter>
    </ClInclude>
    <ClInclude Include="Input.h">
      <Filter>Header Files\EngineCore</Filter>
    </ClInclude>
    <ClInclude Include="Cell.h">
      <Filter>Header Files</Filter>
    </ClInclude>
  </ItemGroup>
  <ItemGroup>
    <None Include="..\Shaders\BasicVertex.shader">
      <Filter>Shaders</Filter>
    </None>
    <None Include="..\Shaders\BasicFragment.shader">
      <Filter>Shaders</Filter>
    </None>
    <None Include="..\Shaders\TextVertex.shader">
      <Filter>Shaders</Filter>
    </None>
    <None Include="..\Shaders\TextFragment.shader">
      <Filter>Shaders</Filter>
    </None>
  </ItemGroup>
</Project>